
Microsoft Visual Studio Solution File, Format Version 12.00
# Visual Studio Version 17
VisualStudioVersion = 17.9.34616.47
MinimumVisualStudioVersion = 10.0.40219.1
Project("{FAE04EC0-301F-11D3-BF4B-00C04F79EFBC}") = "AppSharedMemory", "AppSharedMemory\AppSharedMemory.csproj", "{C0DEF2CC-CC7C-4A1F-ABD7-DE6C7530E61E}"
	ProjectSection(ProjectDependencies) = postProject
		{5D23255A-1628-4236-9533-58BB079DD000} = {5D23255A-1628-4236-9533-58BB079DD000}
	EndProjectSection
EndProject
Project("{FAE04EC0-301F-11D3-BF4B-00C04F79EFBC}") = "MetierSharedMemoty", "MetierSharedMemoty\MetierSharedMemoty.csproj", "{5D23255A-1628-4236-9533-58BB079DD000}"
EndProject
Project("{FAE04EC0-301F-11D3-BF4B-00C04F79EFBC}") = "APISharedMemory", "APISharedMemory\APISharedMemory.csproj", "{8692A2E6-897B-4E1C-8154-263D1439074E}"
EndProject
Global
	GlobalSection(SolutionConfigurationPlatforms) = preSolution
		Debug|Any CPU = Debug|Any CPU
		Release|Any CPU = Release|Any CPU
	EndGlobalSection
	GlobalSection(ProjectConfigurationPlatforms) = postSolution
		{C0DEF2CC-CC7C-4A1F-ABD7-DE6C7530E61E}.Debug|Any CPU.ActiveCfg = Debug|Any CPU
		{C0DEF2CC-CC7C-4A1F-ABD7-DE6C7530E61E}.Debug|Any CPU.Build.0 = Debug|Any CPU
		{C0DEF2CC-CC7C-4A1F-ABD7-DE6C7530E61E}.Release|Any CPU.ActiveCfg = Release|Any CPU
		{C0DEF2CC-CC7C-4A1F-ABD7-DE6C7530E61E}.Release|Any CPU.Build.0 = Release|Any CPU
		{5D23255A-1628-4236-9533-58BB079DD000}.Debug|Any CPU.ActiveCfg = Debug|Any CPU
		{5D23255A-1628-4236-9533-58BB079DD000}.Debug|Any CPU.Build.0 = Debug|Any CPU
		{5D23255A-1628-4236-9533-58BB079DD000}.Release|Any CPU.ActiveCfg = Release|Any CPU
		{5D23255A-1628-4236-9533-58BB079DD000}.Release|Any CPU.Build.0 = Release|Any CPU
		{8692A2E6-897B-4E1C-8154-263D1439074E}.Debug|Any CPU.ActiveCfg = Debug|Any CPU
		{8692A2E6-897B-4E1C-8154-263D1439074E}.Debug|Any CPU.Build.0 = Debug|Any CPU
		{8692A2E6-897B-4E1C-8154-263D1439074E}.Release|Any CPU.ActiveCfg = Release|Any CPU
		{8692A2E6-897B-4E1C-8154-263D1439074E}.Release|Any CPU.Build.0 = Release|Any CPU
	EndGlobalSection
	GlobalSection(SolutionProperties) = preSolution
		HideSolutionNode = FALSE
	EndGlobalSection
	GlobalSection(ExtensibilityGlobals) = postSolution
		SolutionGuid = {9490D41A-DEBD-4DC3-93CA-3A818BDD1C4C}
	EndGlobalSection
EndGlobal
